
Microsoft Visual Studio Solution File, Format Version 12.00
Project("{FAE04EC0-301F-11D3-BF4B-00C04F79EFBC}") = "Cade.Common", "Cade.Common\Cade.Common.csproj", "{81E420EE-EBD5-4911-AE1A-B2E237ACEBAF}"
EndProject
Global
	GlobalSection(SolutionConfigurationPlatforms) = preSolution
		Debug|Any CPU = Debug|Any CPU
		Release|Any CPU = Release|Any CPU
	EndGlobalSection
	GlobalSection(ProjectConfigurationPlatforms) = postSolution
		{81E420EE-EBD5-4911-AE1A-B2E237ACEBAF}.Debug|Any CPU.ActiveCfg = Debug|Any CPU
		{81E420EE-EBD5-4911-AE1A-B2E237ACEBAF}.Debug|Any CPU.Build.0 = Debug|Any CPU
		{81E420EE-EBD5-4911-AE1A-B2E237ACEBAF}.Release|Any CPU.ActiveCfg = Release|Any CPU
		{81E420EE-EBD5-4911-AE1A-B2E237ACEBAF}.Release|Any CPU.Build.0 = Release|Any CPU
	EndGlobalSection
EndGlobal
